
Microsoft Visual Studio Solution File, Format Version 12.00
# Visual Studio Version 16
VisualStudioVersion = 16.0.30225.117
MinimumVisualStudioVersion = 10.0.40219.1
Project("{FAE04EC0-301F-11D3-BF4B-00C04F79EFBC}") = "pin", "pin\pin.csproj", "{511B9454-D0D3-4358-B847-993BBCD4A0C6}"
EndProject
Global
	GlobalSection(SolutionConfigurationPlatforms) = preSolution
		Debug|Any CPU = Debug|Any CPU
		Release|Any CPU = Release|Any CPU
	EndGlobalSection
	GlobalSection(ProjectConfigurationPlatforms) = postSolution
		{511B9454-D0D3-4358-B847-993BBCD4A0C6}.Debug|Any CPU.ActiveCfg = Debug|Any CPU
		{511B9454-D0D3-4358-B847-993BBCD4A0C6}.Debug|Any CPU.Build.0 = Debug|Any CPU
		{511B9454-D0D3-4358-B847-993BBCD4A0C6}.Release|Any CPU.ActiveCfg = Release|Any CPU
		{511B9454-D0D3-4358-B847-993BBCD4A0C6}.Release|Any CPU.Build.0 = Release|Any CPU
	EndGlobalSection
	GlobalSection(SolutionProperties) = preSolution
		HideSolutionNode = FALSE
	EndGlobalSection
	GlobalSection(ExtensibilityGlobals) = postSolution
		SolutionGuid = {41D6472B-D281-4BCF-82AF-66843CBBCD71}
	EndGlobalSection
EndGlobal
